// !$*UTF8*$!
{
	archiveVersion = 1;
	classes = {
	};
	objectVersion = 56;
	objects = {

/* Begin PBXBuildFile section */
		062C17072C07EC1000DBF0F6 /* backgroundView.swift in Sources */ = {isa = PBXBuildFile; fileRef = 062C17062C07EC1000DBF0F6 /* backgroundView.swift */; };
		062C170E2C07F26F00DBF0F6 /* ViewColor.xib in Resources */ = {isa = PBXBuildFile; fileRef = 062C170D2C07F26F00DBF0F6 /* ViewColor.xib */; };
		062C170F2C07F26F00DBF0F6 /* ViewColor.swift in Sources */ = {isa = PBXBuildFile; fileRef = 062C170C2C07F26F00DBF0F6 /* ViewColor.swift */; };
		F15E14422BFEA718001E432B /* AppDelegate.swift in Sources */ = {isa = PBXBuildFile; fileRef = F15E14412BFEA718001E432B /* AppDelegate.swift */; };
		F15E14442BFEA718001E432B /* SceneDelegate.swift in Sources */ = {isa = PBXBuildFile; fileRef = F15E14432BFEA718001E432B /* SceneDelegate.swift */; };
		F15E14462BFEA718001E432B /* ViewController.swift in Sources */ = {isa = PBXBuildFile; fileRef = F15E14452BFEA718001E432B /* ViewController.swift */; };
		F15E14492BFEA718001E432B /* Base in Resources */ = {isa = PBXBuildFile; fileRef = F15E14482BFEA718001E432B /* Base */; };
		F15E144B2BFEA71A001E432B /* Assets.xcassets in Resources */ = {isa = PBXBuildFile; fileRef = F15E144A2BFEA71A001E432B /* Assets.xcassets */; };
		F15E144E2BFEA71A001E432B /* Base in Resources */ = {isa = PBXBuildFile; fileRef = F15E144D2BFEA71A001E432B /* Base */; };
/* End PBXBuildFile section */

/* Begin PBXFileReference section */
		062C17062C07EC1000DBF0F6 /* backgroundView.swift */ = {isa = PBXFileReference; lastKnownFileType = sourcecode.swift; path = backgroundView.swift; sourceTree = "<group>"; };
		062C170C2C07F26F00DBF0F6 /* ViewColor.swift */ = {isa = PBXFileReference; lastKnownFileType = sourcecode.swift; path = ViewColor.swift; sourceTree = "<group>"; };
		062C170D2C07F26F00DBF0F6 /* ViewColor.xib */ = {isa = PBXFileReference; lastKnownFileType = file.xib; path = ViewColor.xib; sourceTree = "<group>"; };
		F15E143E2BFEA718001E432B /* color-mix-mercx.app */ = {isa = PBXFileReference; explicitFileType = wrapper.application; includeInIndex = 0; path = "color-mix-mercx.app"; sourceTree = BUILT_PRODUCTS_DIR; };
		F15E14412BFEA718001E432B /* AppDelegate.swift */ = {isa = PBXFileReference; lastKnownFileType = sourcecode.swift; path = AppDelegate.swift; sourceTree = "<group>"; };
		F15E14432BFEA718001E432B /* SceneDelegate.swift */ = {isa = PBXFileReference; lastKnownFileType = sourcecode.swift; path = SceneDelegate.swift; sourceTree = "<group>"; };
		F15E14452BFEA718001E432B /* ViewController.swift */ = {isa = PBXFileReference; lastKnownFileType = sourcecode.swift; path = ViewController.swift; sourceTree = "<group>"; };
		F15E14482BFEA718001E432B /* Base */ = {isa = PBXFileReference; lastKnownFileType = file.storyboard; name = Base; path = Base.lproj/Main.storyboard; sourceTree = "<group>"; };
		F15E144A2BFEA71A001E432B /* Assets.xcassets */ = {isa = PBXFileReference; lastKnownFileType = folder.assetcatalog; path = Assets.xcassets; sourceTree = "<group>"; };
		F15E144D2BFEA71A001E432B /* Base */ = {isa = PBXFileReference; lastKnownFileType = file.storyboard; name = Base; path = Base.lproj/LaunchScreen.storyboard; sourceTree = "<group>"; };
		F15E144F2BFEA71A001E432B /* Info.plist */ = {isa = PBXFileReference; lastKnownFileType = text.plist.xml; path = Info.plist; sourceTree = "<group>"; };
/* End PBXFileReference section */

/* Begin PBXFrameworksBuildPhase section */
		F15E143B2BFEA718001E432B /* Frameworks */ = {
			isa = PBXFrameworksBuildPhase;
			buildActionMask = 2147483647;
			files = (
			);
			runOnlyForDeploymentPostprocessing = 0;
		};
/* End PBXFrameworksBuildPhase section */

/* Begin PBXGroup section */
		F15E14352BFEA718001E432B = {
			isa = PBXGroup;
			children = (
				F15E14402BFEA718001E432B /* color-mix-mercx */,
				F15E143F2BFEA718001E432B /* Products */,
			);
			sourceTree = "<group>";
		};
		F15E143F2BFEA718001E432B /* Products */ = {
			isa = PBXGroup;
			children = (
				F15E143E2BFEA718001E432B /* color-mix-mercx.app */,
			);
			name = Products;
			sourceTree = "<group>";
		};
		F15E14402BFEA718001E432B /* color-mix-mercx */ = {
			isa = PBXGroup;
			children = (
				F15E14412BFEA718001E432B /* AppDelegate.swift */,
				F15E14432BFEA718001E432B /* SceneDelegate.swift */,
				F15E14452BFEA718001E432B /* ViewController.swift */,
				062C170C2C07F26F00DBF0F6 /* ViewColor.swift */,
				062C170D2C07F26F00DBF0F6 /* ViewColor.xib */,
				062C17062C07EC1000DBF0F6 /* backgroundView.swift */,
				F15E14472BFEA718001E432B /* Main.storyboard */,
				F15E144A2BFEA71A001E432B /* Assets.xcassets */,
				F15E144C2BFEA71A001E432B /* LaunchScreen.storyboard */,
				F15E144F2BFEA71A001E432B /* Info.plist */,
			);
			path = "color-mix-mercx";
			sourceTree = "<group>";
		};
/* End PBXGroup section */

/* Begin PBXNativeTarget section */
		F15E143D2BFEA718001E432B /* color-mix-mercx */ = {
			isa = PBXNativeTarget;
			buildConfigurationList = F15E14522BFEA71A001E432B /* Build configuration list for PBXNativeTarget "color-mix-mercx" */;
			buildPhases = (
				F15E143A2BFEA718001E432B /* Sources */,
				F15E143B2BFEA718001E432B /* Frameworks */,
				F15E143C2BFEA718001E432B /* Resources */,
			);
			buildRules = (
			);
			dependencies = (
			);
			name = "color-mix-mercx";
			productName = "color-mix-mercx";
			productReference = F15E143E2BFEA718001E432B /* color-mix-mercx.app */;
			productType = "com.apple.product-type.application";
		};
/* End PBXNativeTarget section */

/* Begin PBXProject section */
		F15E14362BFEA718001E432B /* Project object */ = {
			isa = PBXProject;
			attributes = {
				BuildIndependentTargetsInParallel = 1;
				LastSwiftUpdateCheck = 1530;
				LastUpgradeCheck = 1530;
				TargetAttributes = {
					F15E143D2BFEA718001E432B = {
						CreatedOnToolsVersion = 15.3;
					};
				};
			};
			buildConfigurationList = F15E14392BFEA718001E432B /* Build configuration list for PBXProject "color-mix-mercx" */;
			compatibilityVersion = "Xcode 14.0";
			developmentRegion = en;
			hasScannedForEncodings = 0;
			knownRegions = (
				en,
				Base,
			);
			mainGroup = F15E14352BFEA718001E432B;
			productRefGroup = F15E143F2BFEA718001E432B /* Products */;
			projectDirPath = "";
			projectRoot = "";
			targets = (
				F15E143D2BFEA718001E432B /* color-mix-mercx */,
			);
		};
/* End PBXProject section */

/* Begin PBXResourcesBuildPhase section */
		F15E143C2BFEA718001E432B /* Resources */ = {
			isa = PBXResourcesBuildPhase;
			buildActionMask = 2147483647;
			files = (
				062C170E2C07F26F00DBF0F6 /* ViewColor.xib in Resources */,
				F15E144B2BFEA71A001E432B /* Assets.xcassets in Resources */,
				F15E144E2BFEA71A001E432B /* Base in Resources */,
				F15E14492BFEA718001E432B /* Base in Resources */,
			);
			runOnlyForDeploymentPostprocessing = 0;
		};
/* End PBXResourcesBuildPhase section */

/* Begin PBXSourcesBuildPhase section */
		F15E143A2BFEA718001E432B /* Sources */ = {
			isa = PBXSourcesBuildPhase;
			buildActionMask = 2147483647;
			files = (
				F15E14462BFEA718001E432B /* ViewController.swift in Sources */,
				062C170F2C07F26F00DBF0F6 /* ViewColor.swift in Sources */,
				F15E14422BFEA718001E432B /* AppDelegate.swift in Sources */,
				062C17072C07EC1000DBF0F6 /* backgroundView.swift in Sources */,
				F15E14442BFEA718001E432B /* SceneDelegate.swift in Sources */,
			);
			runOnlyForDeploymentPostprocessing = 0;
		};
/* End PBXSourcesBuildPhase section */

/* Begin PBXVariantGroup section */
		F15E14472BFEA718001E432B /* Main.storyboard */ = {
			isa = PBXVariantGroup;
			children = (
				F15E14482BFEA718001E432B /* Base */,
			);
			name = Main.storyboard;
			sourceTree = "<group>";
		};
		F15E144C2BFEA71A001E432B /* LaunchScreen.storyboard */ = {
			isa = PBXVariantGroup;
			children = (
				F15E144D2BFEA71A001E432B /* Base */,
			);
			name = LaunchScreen.storyboard;
			sourceTree = "<group>";
		};
/* End PBXVariantGroup section */

/* Begin XCBuildConfiguration section */
		F15E14502BFEA71A001E432B /* Debug */ = {
			isa = XCBuildConfiguration;
			buildSettings = {
				ALWAYS_SEARCH_USER_PATHS = NO;
				ASSETCATALOG_COMPILER_GENERATE_SWIFT_ASSET_SYMBOL_EXTENSIONS = YES;
				CLANG_ANALYZER_NONNULL = YES;
				CLANG_ANALYZER_NUMBER_OBJECT_CONVERSION = YES_AGGRESSIVE;
				CLANG_CXX_LANGUAGE_STANDARD = "gnu++20";
				CLANG_ENABLE_MODULES = YES;
				CLANG_ENABLE_OBJC_ARC = YES;
				CLANG_ENABLE_OBJC_WEAK = YES;
				CLANG_WARN_BLOCK_CAPTURE_AUTORELEASING = YES;
				CLANG_WARN_BOOL_CONVERSION = YES;
				CLANG_WARN_COMMA = YES;
				CLANG_WARN_CONSTANT_CONVERSION = YES;
				CLANG_WARN_DEPRECATED_OBJC_IMPLEMENTATIONS = YES;
				CLANG_WARN_DIRECT_OBJC_ISA_USAGE = YES_ERROR;
				CLANG_WARN_DOCUMENTATION_COMMENTS = YES;
				CLANG_WARN_EMPTY_BODY = YES;
				CLANG_WARN_ENUM_CONVERSION = YES;
				CLANG_WARN_INFINITE_RECURSION = YES;
				CLANG_WARN_INT_CONVERSION = YES;
				CLANG_WARN_NON_LITERAL_NULL_CONVERSION = YES;
				CLANG_WARN_OBJC_IMPLICIT_RETAIN_SELF = YES;
				CLANG_WARN_OBJC_LITERAL_CONVERSION = YES;
				CLANG_WARN_OBJC_ROOT_CLASS = YES_ERROR;
				CLANG_WARN_QUOTED_INCLUDE_IN_FRAMEWORK_HEADER = YES;
				CLANG_WARN_RANGE_LOOP_ANALYSIS = YES;
				CLANG_WARN_STRICT_PROTOTYPES = YES;
				CLANG_WARN_SUSPICIOUS_MOVE = YES;
				CLANG_WARN_UNGUARDED_AVAILABILITY = YES_AGGRESSIVE;
				CLANG_WARN_UNREACHABLE_CODE = YES;
				CLANG_WARN__DUPLICATE_METHOD_MATCH = YES;
				COPY_PHASE_STRIP = NO;
				DEBUG_INFORMATION_FORMAT = dwarf;
				ENABLE_STRICT_OBJC_MSGSEND = YES;
				ENABLE_TESTABILITY = YES;
				ENABLE_USER_SCRIPT_SANDBOXING = YES;
				GCC_C_LANGUAGE_STANDARD = gnu17;
				GCC_DYNAMIC_NO_PIC = NO;
				GCC_NO_COMMON_BLOCKS = YES;
				GCC_OPTIMIZATION_LEVEL = 0;
				GCC_PREPROCESSOR_DEFINITIONS = (
					"DEBUG=1",
					"$(inherited)",
				);
				GCC_WARN_64_TO_32_BIT_CONVERSION = YES;
				GCC_WARN_ABOUT_RETURN_TYPE = YES_ERROR;
				GCC_WARN_UNDECLARED_SELECTOR = YES;
				GCC_WARN_UNINITIALIZED_AUTOS = YES_AGGRESSIVE;
				GCC_WARN_UNUSED_FUNCTION = YES;
				GCC_WARN_UNUSED_VARIABLE = YES;
				IPHONEOS_DEPLOYMENT_TARGET = 17.4;
				LOCALIZATION_PREFERS_STRING_CATALOGS = YES;
				MTL_ENABLE_DEBUG_INFO = INCLUDE_SOURCE;
				MTL_FAST_MATH = YES;
				ONLY_ACTIVE_ARCH = YES;
				SDKROOT = iphoneos;
				SWIFT_ACTIVE_COMPILATION_CONDITIONS = "DEBUG $(inherited)";
				SWIFT_OPTIMIZATION_LEVEL = "-Onone";
			};
			name = Debug;
		};
		F15E14512BFEA71A001E432B /* Release */ = {
			isa = XCBuildConfiguration;
			buildSettings = {
				ALWAYS_SEARCH_USER_PATHS = NO;
				ASSETCATALOG_COMPILER_GENERATE_SWIFT_ASSET_SYMBOL_EXTENSIONS = YES;
				CLANG_ANALYZER_NONNULL = YES;
				CLANG_ANALYZER_NUMBER_OBJECT_CONVERSION = YES_AGGRESSIVE;
				CLANG_CXX_LANGUAGE_STANDARD = "gnu++20";
				CLANG_ENABLE_MODULES = YES;
				CLANG_ENABLE_OBJC_ARC = YES;
				CLANG_ENABLE_OBJC_WEAK = YES;
				CLANG_WARN_BLOCK_CAPTURE_AUTORELEASING = YES;
				CLANG_WARN_BOOL_CONVERSION = YES;
				CLANG_WARN_COMMA = YES;
				CLANG_WARN_CONSTANT_CONVERSION = YES;
				CLANG_WARN_DEPRECATED_OBJC_IMPLEMENTATIONS = YES;
				CLANG_WARN_DIRECT_OBJC_ISA_USAGE = YES_ERROR;
				CLANG_WARN_DOCUMENTATION_COMMENTS = YES;
				CLANG_WARN_EMPTY_BODY = YES;
				CLANG_WARN_ENUM_CONVERSION = YES;
				CLANG_WARN_INFINITE_RECURSION = YES;
				CLANG_WARN_INT_CONVERSION = YES;
				CLANG_WARN_NON_LITERAL_NULL_CONVERSION = YES;
				CLANG_WARN_OBJC_IMPLICIT_RETAIN_SELF = YES;
				CLANG_WARN_OBJC_LITERAL_CONVERSION = YES;
				CLANG_WARN_OBJC_ROOT_CLASS = YES_ERROR;
				CLANG_WARN_QUOTED_INCLUDE_IN_FRAMEWORK_HEADER = YES;
				CLANG_WARN_RANGE_LOOP_ANALYSIS = YES;
				CLANG_WARN_STRICT_PROTOTYPES = YES;
				CLANG_WARN_SUSPICIOUS_MOVE = YES;
				CLANG_WARN_UNGUARDED_AVAILABILITY = YES_AGGRESSIVE;
				CLANG_WARN_UNREACHABLE_CODE = YES;
				CLANG_WARN__DUPLICATE_METHOD_MATCH = YES;
				COPY_PHASE_STRIP = NO;
				DEBUG_INFORMATION_FORMAT = "dwarf-with-dsym";
				ENABLE_NS_ASSERTIONS = NO;
				ENABLE_STRICT_OBJC_MSGSEND = YES;
				ENABLE_USER_SCRIPT_SANDBOXING = YES;
				GCC_C_LANGUAGE_STANDARD = gnu17;
				GCC_NO_COMMON_BLOCKS = YES;
				GCC_WARN_64_TO_32_BIT_CONVERSION = YES;
				GCC_WARN_ABOUT_RETURN_TYPE = YES_ERROR;
				GCC_WARN_UNDECLARED_SELECTOR = YES;
				GCC_WARN_UNINITIALIZED_AUTOS = YES_AGGRESSIVE;
				GCC_WARN_UNUSED_FUNCTION = YES;
				GCC_WARN_UNUSED_VARIABLE = YES;
				IPHONEOS_DEPLOYMENT_TARGET = 17.4;
				LOCALIZATION_PREFERS_STRING_CATALOGS = YES;
				MTL_ENABLE_DEBUG_INFO = NO;
				MTL_FAST_MATH = YES;
				SDKROOT = iphoneos;
				SWIFT_COMPILATION_MODE = wholemodule;
				VALIDATE_PRODUCT = YES;
			};
			name = Release;
		};
		F15E14532BFEA71A001E432B /* Debug */ = {
			isa = XCBuildConfiguration;
			buildSettings = {
				ASSETCATALOG_COMPILER_APPICON_NAME = AppIcon;
				ASSETCATALOG_COMPILER_GLOBAL_ACCENT_COLOR_NAME = AccentColor;
				CODE_SIGN_STYLE = Automatic;
				CURRENT_PROJECT_VERSION = 1;
				GENERATE_INFOPLIST_FILE = YES;
				INFOPLIST_FILE = "color-mix-mercx/Info.plist";
				INFOPLIST_KEY_UIApplicationSupportsIndirectInputEvents = YES;
				INFOPLIST_KEY_UILaunchStoryboardName = LaunchScreen;
				INFOPLIST_KEY_UIMainStoryboardFile = Main;
				INFOPLIST_KEY_UISupportedInterfaceOrientations_iPad = "UIInterfaceOrientationPortrait UIInterfaceOrientationPortraitUpsideDown UIInterfaceOrientationLandscapeLeft UIInterfaceOrientationLandscapeRight";
				INFOPLIST_KEY_UISupportedInterfaceOrientations_iPhone = "UIInterfaceOrientationPortrait UIInterfaceOrientationLandscapeLeft UIInterfaceOrientationLandscapeRight";
				LD_RUNPATH_SEARCH_PATHS = (
					"$(inherited)",
					"@executable_path/Frameworks",
				);
				MARKETING_VERSION = 1.0;
				PRODUCT_BUNDLE_IDENTIFIER = "ios.lab.color-mix-mercx";
				PRODUCT_NAME = "$(TARGET_NAME)";
				SWIFT_EMIT_LOC_STRINGS = YES;
				SWIFT_VERSION = 5.0;
				TARGETED_DEVICE_FAMILY = "1,2";
			};
			name = Debug;
		};
		F15E14542BFEA71A001E432B /* Release */ = {
			isa = XCBuildConfiguration;
			buildSettings = {
				ASSETCATALOG_COMPILER_APPICON_NAME = AppIcon;
				ASSETCATALOG_COMPILER_GLOBAL_ACCENT_COLOR_NAME = AccentColor;
				CODE_SIGN_STYLE = Automatic;
				CURRENT_PROJECT_VERSION = 1;
				GENERATE_INFOPLIST_FILE = YES;
				INFOPLIST_FILE = "color-mix-mercx/Info.plist";
				INFOPLIST_KEY_UIApplicationSupportsIndirectInputEvents = YES;
				INFOPLIST_KEY_UILaunchStoryboardName = LaunchScreen;
				INFOPLIST_KEY_UIMainStoryboardFile = Main;
				INFOPLIST_KEY_UISupportedInterfaceOrientations_iPad = "UIInterfaceOrientationPortrait UIInterfaceOrientationPortraitUpsideDown UIInterfaceOrientationLandscapeLeft UIInterfaceOrientationLandscapeRight";
				INFOPLIST_KEY_UISupportedInterfaceOrientations_iPhone = "UIInterfaceOrientationPortrait UIInterfaceOrientationLandscapeLeft UIInterfaceOrientationLandscapeRight";
				LD_RUNPATH_SEARCH_PATHS = (
					"$(inherited)",
					"@executable_path/Frameworks",
				);
				MARKETING_VERSION = 1.0;
				PRODUCT_BUNDLE_IDENTIFIER = "ios.lab.color-mix-mercx";
				PRODUCT_NAME = "$(TARGET_NAME)";
				SWIFT_EMIT_LOC_STRINGS = YES;
				SWIFT_VERSION = 5.0;
				TARGETED_DEVICE_FAMILY = "1,2";
			};
			name = Release;
		};
/* End XCBuildConfiguration section */

/* Begin XCConfigurationList section */
		F15E14392BFEA718001E432B /* Build configuration list for PBXProject "color-mix-mercx" */ = {
			isa = XCConfigurationList;
			buildConfigurations = (
				F15E14502BFEA71A001E432B /* Debug */,
				F15E14512BFEA71A001E432B /* Release */,
			);
			defaultConfigurationIsVisible = 0;
			defaultConfigurationName = Release;
		};
		F15E14522BFEA71A001E432B /* Build configuration list for PBXNativeTarget "color-mix-mercx" */ = {
			isa = XCConfigurationList;
			buildConfigurations = (
				F15E14532BFEA71A001E432B /* Debug */,
				F15E14542BFEA71A001E432B /* Release */,
			);
			defaultConfigurationIsVisible = 0;
			defaultConfigurationName = Release;
		};
/* End XCConfigurationList section */
	};
	rootObject = F15E14362BFEA718001E432B /* Project object */;
}
